
Microsoft Visual Studio Solution File, Format Version 12.00
# Visual Studio Version 17
VisualStudioVersion = 17.9.34728.123
MinimumVisualStudioVersion = 10.0.40219.1
Project("{888888A0-9F3D-457C-B088-3A5042F75D52}") = "Queues using Python", "Queues using Python.pyproj", "{21F0FE05-B098-4ADF-9A3C-999891158024}"
EndProject
Global
	GlobalSection(SolutionConfigurationPlatforms) = preSolution
		Debug|Any CPU = Debug|Any CPU
		Release|Any CPU = Release|Any CPU
	EndGlobalSection
	GlobalSection(ProjectConfigurationPlatforms) = postSolution
		{21F0FE05-B098-4ADF-9A3C-999891158024}.Debug|Any CPU.ActiveCfg = Debug|Any CPU
		{21F0FE05-B098-4ADF-9A3C-999891158024}.Release|Any CPU.ActiveCfg = Release|Any CPU
	EndGlobalSection
	GlobalSection(SolutionProperties) = preSolution
		HideSolutionNode = FALSE
	EndGlobalSection
	GlobalSection(ExtensibilityGlobals) = postSolution
		SolutionGuid = {DA20E4F1-6618-43A7-A9E7-E9AB75C8EBDA}
	EndGlobalSection
EndGlobal
